
Microsoft Visual Studio Solution File, Format Version 12.00
# Visual Studio Version 17
VisualStudioVersion = 17.11.35303.130
MinimumVisualStudioVersion = 10.0.40219.1
Project("{FAE04EC0-301F-11D3-BF4B-00C04F79EFBC}") = "PantherPetManagement_PhanKhanhDuong", "PantherPetManagement_PhanKhanhDuong\PantherPetManagement_PhanKhanhDuong.csproj", "{0AECDDCC-A605-4F2C-8F27-E279C035543C}"
EndProject
Project("{FAE04EC0-301F-11D3-BF4B-00C04F79EFBC}") = "PantherPetManagement.Repository", "PantherPetManagement.Repository\PantherPetManagement.Repository.csproj", "{7D24CC1B-D67C-4C14-BB9B-3540ADAEF437}"
EndProject
Project("{FAE04EC0-301F-11D3-BF4B-00C04F79EFBC}") = "PantherPetManagement.Service", "PantherPetManagement.Service\PantherPetManagement.Service.csproj", "{2BC09C9D-1889-4D69-97AB-F0293D7CD949}"
EndProject
Global
	GlobalSection(SolutionConfigurationPlatforms) = preSolution
		Debug|Any CPU = Debug|Any CPU
		Release|Any CPU = Release|Any CPU
	EndGlobalSection
	GlobalSection(ProjectConfigurationPlatforms) = postSolution
		{0AECDDCC-A605-4F2C-8F27-E279C035543C}.Debug|Any CPU.ActiveCfg = Debug|Any CPU
		{0AECDDCC-A605-4F2C-8F27-E279C035543C}.Debug|Any CPU.Build.0 = Debug|Any CPU
		{0AECDDCC-A605-4F2C-8F27-E279C035543C}.Release|Any CPU.ActiveCfg = Release|Any CPU
		{0AECDDCC-A605-4F2C-8F27-E279C035543C}.Release|Any CPU.Build.0 = Release|Any CPU
		{7D24CC1B-D67C-4C14-BB9B-3540ADAEF437}.Debug|Any CPU.ActiveCfg = Debug|Any CPU
		{7D24CC1B-D67C-4C14-BB9B-3540ADAEF437}.Debug|Any CPU.Build.0 = Debug|Any CPU
		{7D24CC1B-D67C-4C14-BB9B-3540ADAEF437}.Release|Any CPU.ActiveCfg = Release|Any CPU
		{7D24CC1B-D67C-4C14-BB9B-3540ADAEF437}.Release|Any CPU.Build.0 = Release|Any CPU
		{2BC09C9D-1889-4D69-97AB-F0293D7CD949}.Debug|Any CPU.ActiveCfg = Debug|Any CPU
		{2BC09C9D-1889-4D69-97AB-F0293D7CD949}.Debug|Any CPU.Build.0 = Debug|Any CPU
		{2BC09C9D-1889-4D69-97AB-F0293D7CD949}.Release|Any CPU.ActiveCfg = Release|Any CPU
		{2BC09C9D-1889-4D69-97AB-F0293D7CD949}.Release|Any CPU.Build.0 = Release|Any CPU
	EndGlobalSection
	GlobalSection(SolutionProperties) = preSolution
		HideSolutionNode = FALSE
	EndGlobalSection
	GlobalSection(ExtensibilityGlobals) = postSolution
		SolutionGuid = {471853C8-64C4-4766-AB75-100D1930F122}
	EndGlobalSection
EndGlobal
